
Microsoft Visual Studio Solution File, Format Version 12.00
# Visual Studio Version 17
VisualStudioVersion = 17.4.33205.214
MinimumVisualStudioVersion = 10.0.40219.1
Project("{9A19103F-16F7-4668-BE54-9A1E7A4F7556}") = "ChromeDriverLibrary", "ChromeDriverLibrary\ChromeDriverLibrary.csproj", "{087833EF-A3CC-4906-B669-635E7E7C6AC2}"
EndProject
Project("{9A19103F-16F7-4668-BE54-9A1E7A4F7556}") = "AddonMoney.Client", "AddonMoney.Client\AddonMoney.Client.csproj", "{954CF9E3-AC24-4746-A832-DA98C19851D2}"
EndProject
Project("{9A19103F-16F7-4668-BE54-9A1E7A4F7556}") = "AddonMoney.Data", "AddonMoney.Data\AddonMoney.Data.csproj", "{40E8AF8E-FAC2-44BE-84FB-20548AD9596A}"
EndProject
Project("{9A19103F-16F7-4668-BE54-9A1E7A4F7556}") = "AddonMoney.API", "AddonMoney.API\AddonMoney.API.csproj", "{D895300E-1726-4D45-9A94-A233CD65B8B6}"
EndProject
Project("{9A19103F-16F7-4668-BE54-9A1E7A4F7556}") = "AddonMoney.WebApp", "AddonMoney.WebApp\AddonMoney.WebApp.csproj", "{C8DCED2D-7522-41C1-BABC-E95DC7C30444}"
EndProject
Project("{9A19103F-16F7-4668-BE54-9A1E7A4F7556}") = "AddonMoney.Transfer", "AddonMoney.Transfer\AddonMoney.Transfer.csproj", "{8563903B-A2E7-4D9C-9A36-3B553E6C237D}"
EndProject
Project("{9A19103F-16F7-4668-BE54-9A1E7A4F7556}") = "CaptchaResolver", "CaptchaResolver\CaptchaResolver.csproj", "{62677FA4-EF7D-4F66-A640-48D65438221C}"
EndProject
Project("{9A19103F-16F7-4668-BE54-9A1E7A4F7556}") = "AddonMoney.Register", "AddonMoney.Register\AddonMoney.Register.csproj", "{16F7A36F-D39D-4E82-8177-23258A72F3F7}"
EndProject
Project("{FAE04EC0-301F-11D3-BF4B-00C04F79EFBC}") = "PayeerTransfer", "PayeerTransfer\PayeerTransfer.csproj", "{AA59DEA5-F554-43A3-8B9B-0014A672ADE5}"
EndProject
Global
	GlobalSection(SolutionConfigurationPlatforms) = preSolution
		Debug|Any CPU = Debug|Any CPU
		Release|Any CPU = Release|Any CPU
	EndGlobalSection
	GlobalSection(ProjectConfigurationPlatforms) = postSolution
		{087833EF-A3CC-4906-B669-635E7E7C6AC2}.Debug|Any CPU.ActiveCfg = Debug|Any CPU
		{087833EF-A3CC-4906-B669-635E7E7C6AC2}.Debug|Any CPU.Build.0 = Debug|Any CPU
		{087833EF-A3CC-4906-B669-635E7E7C6AC2}.Release|Any CPU.ActiveCfg = Release|Any CPU
		{087833EF-A3CC-4906-B669-635E7E7C6AC2}.Release|Any CPU.Build.0 = Release|Any CPU
		{954CF9E3-AC24-4746-A832-DA98C19851D2}.Debug|Any CPU.ActiveCfg = Debug|Any CPU
		{954CF9E3-AC24-4746-A832-DA98C19851D2}.Debug|Any CPU.Build.0 = Debug|Any CPU
		{954CF9E3-AC24-4746-A832-DA98C19851D2}.Release|Any CPU.ActiveCfg = Release|Any CPU
		{954CF9E3-AC24-4746-A832-DA98C19851D2}.Release|Any CPU.Build.0 = Release|Any CPU
		{40E8AF8E-FAC2-44BE-84FB-20548AD9596A}.Debug|Any CPU.ActiveCfg = Debug|Any CPU
		{40E8AF8E-FAC2-44BE-84FB-20548AD9596A}.Debug|Any CPU.Build.0 = Debug|Any CPU
		{40E8AF8E-FAC2-44BE-84FB-20548AD9596A}.Release|Any CPU.ActiveCfg = Release|Any CPU
		{40E8AF8E-FAC2-44BE-84FB-20548AD9596A}.Release|Any CPU.Build.0 = Release|Any CPU
		{D895300E-1726-4D45-9A94-A233CD65B8B6}.Debug|Any CPU.ActiveCfg = Debug|Any CPU
		{D895300E-1726-4D45-9A94-A233CD65B8B6}.Debug|Any CPU.Build.0 = Debug|Any CPU
		{D895300E-1726-4D45-9A94-A233CD65B8B6}.Release|Any CPU.ActiveCfg = Release|Any CPU
		{D895300E-1726-4D45-9A94-A233CD65B8B6}.Release|Any CPU.Build.0 = Release|Any CPU
		{C8DCED2D-7522-41C1-BABC-E95DC7C30444}.Debug|Any CPU.ActiveCfg = Debug|Any CPU
		{C8DCED2D-7522-41C1-BABC-E95DC7C30444}.Debug|Any CPU.Build.0 = Debug|Any CPU
		{C8DCED2D-7522-41C1-BABC-E95DC7C30444}.Release|Any CPU.ActiveCfg = Release|Any CPU
		{C8DCED2D-7522-41C1-BABC-E95DC7C30444}.Release|Any CPU.Build.0 = Release|Any CPU
		{8563903B-A2E7-4D9C-9A36-3B553E6C237D}.Debug|Any CPU.ActiveCfg = Debug|Any CPU
		{8563903B-A2E7-4D9C-9A36-3B553E6C237D}.Debug|Any CPU.Build.0 = Debug|Any CPU
		{8563903B-A2E7-4D9C-9A36-3B553E6C237D}.Release|Any CPU.ActiveCfg = Release|Any CPU
		{8563903B-A2E7-4D9C-9A36-3B553E6C237D}.Release|Any CPU.Build.0 = Release|Any CPU
		{62677FA4-EF7D-4F66-A640-48D65438221C}.Debug|Any CPU.ActiveCfg = Debug|Any CPU
		{62677FA4-EF7D-4F66-A640-48D65438221C}.Debug|Any CPU.Build.0 = Debug|Any CPU
		{62677FA4-EF7D-4F66-A640-48D65438221C}.Release|Any CPU.ActiveCfg = Release|Any CPU
		{62677FA4-EF7D-4F66-A640-48D65438221C}.Release|Any CPU.Build.0 = Release|Any CPU
		{16F7A36F-D39D-4E82-8177-23258A72F3F7}.Debug|Any CPU.ActiveCfg = Debug|Any CPU
		{16F7A36F-D39D-4E82-8177-23258A72F3F7}.Debug|Any CPU.Build.0 = Debug|Any CPU
		{16F7A36F-D39D-4E82-8177-23258A72F3F7}.Release|Any CPU.ActiveCfg = Release|Any CPU
		{16F7A36F-D39D-4E82-8177-23258A72F3F7}.Release|Any CPU.Build.0 = Release|Any CPU
		{AA59DEA5-F554-43A3-8B9B-0014A672ADE5}.Debug|Any CPU.ActiveCfg = Debug|Any CPU
		{AA59DEA5-F554-43A3-8B9B-0014A672ADE5}.Debug|Any CPU.Build.0 = Debug|Any CPU
		{AA59DEA5-F554-43A3-8B9B-0014A672ADE5}.Release|Any CPU.ActiveCfg = Release|Any CPU
		{AA59DEA5-F554-43A3-8B9B-0014A672ADE5}.Release|Any CPU.Build.0 = Release|Any CPU
	EndGlobalSection
	GlobalSection(SolutionProperties) = preSolution
		HideSolutionNode = FALSE
	EndGlobalSection
	GlobalSection(ExtensibilityGlobals) = postSolution
		SolutionGuid = {7DC73904-0DBB-4909-BBC5-404FA82E1488}
	EndGlobalSection
EndGlobal
